
Microsoft Visual Studio Solution File, Format Version 12.00
# Visual Studio Version 17
VisualStudioVersion = 17.4.33122.133
MinimumVisualStudioVersion = 10.0.40219.1
Project("{9A19103F-16F7-4668-BE54-9A1E7A4F7556}") = "SharpQuill", "SharpQuill\SharpQuill.csproj", "{C988973C-D836-49FD-BB04-852915A1C354}"
EndProject
Project("{9A19103F-16F7-4668-BE54-9A1E7A4F7556}") = "CreateBlendshapesStarter", "CreateBlendshapesStarter\CreateBlendshapesStarter.csproj", "{B22D3963-D21B-400E-9A6B-A869411D4A08}"
EndProject
Project("{9A19103F-16F7-4668-BE54-9A1E7A4F7556}") = "FlattenQuillLayers", "FlattenQuillLayers\FlattenQuillLayers.csproj", "{50116D54-25C0-466E-8965-5680AAF9388E}"
EndProject
Project("{9A19103F-16F7-4668-BE54-9A1E7A4F7556}") = "CreateParticleEffects", "CreateParticleEffects\CreateParticleEffects.csproj", "{4235039C-BFD7-4843-9858-B290B86BFE20}"
EndProject
Project("{9A19103F-16F7-4668-BE54-9A1E7A4F7556}") = "VisemeMatcher", "VisemeMatcher\VisemeMatcher.csproj", "{A825E734-24DD-42B8-90F1-6E882158B5C1}"
EndProject
Project("{9A19103F-16F7-4668-BE54-9A1E7A4F7556}") = "TestingBlendshapesFormApp", "TestingBlendshapesFormApp\TestingBlendshapesFormApp.csproj", "{9EE94AB7-B7C7-4C7E-A9AA-393ED8E92270}"
EndProject
Project("{9A19103F-16F7-4668-BE54-9A1E7A4F7556}") = "TestingOptimization", "TestingOptimization\TestingOptimization.csproj", "{1C5B1C33-F113-4095-A361-495488139B5A}"
EndProject
Project("{FAE04EC0-301F-11D3-BF4B-00C04F79EFBC}") = "GoroParticleEffects", "GoroParticleEffects\GoroParticleEffects.csproj", "{009AC020-6F40-4BC3-A116-02806CB6AB19}"
EndProject
Global
	GlobalSection(SolutionConfigurationPlatforms) = preSolution
		Debug|Any CPU = Debug|Any CPU
		Release|Any CPU = Release|Any CPU
	EndGlobalSection
	GlobalSection(ProjectConfigurationPlatforms) = postSolution
		{C988973C-D836-49FD-BB04-852915A1C354}.Debug|Any CPU.ActiveCfg = Debug|Any CPU
		{C988973C-D836-49FD-BB04-852915A1C354}.Debug|Any CPU.Build.0 = Debug|Any CPU
		{C988973C-D836-49FD-BB04-852915A1C354}.Release|Any CPU.ActiveCfg = Release|Any CPU
		{C988973C-D836-49FD-BB04-852915A1C354}.Release|Any CPU.Build.0 = Release|Any CPU
		{B22D3963-D21B-400E-9A6B-A869411D4A08}.Debug|Any CPU.ActiveCfg = Debug|Any CPU
		{B22D3963-D21B-400E-9A6B-A869411D4A08}.Debug|Any CPU.Build.0 = Debug|Any CPU
		{B22D3963-D21B-400E-9A6B-A869411D4A08}.Release|Any CPU.ActiveCfg = Release|Any CPU
		{50116D54-25C0-466E-8965-5680AAF9388E}.Debug|Any CPU.ActiveCfg = Debug|Any CPU
		{50116D54-25C0-466E-8965-5680AAF9388E}.Debug|Any CPU.Build.0 = Debug|Any CPU
		{50116D54-25C0-466E-8965-5680AAF9388E}.Release|Any CPU.ActiveCfg = Release|Any CPU
		{4235039C-BFD7-4843-9858-B290B86BFE20}.Debug|Any CPU.ActiveCfg = Debug|Any CPU
		{4235039C-BFD7-4843-9858-B290B86BFE20}.Debug|Any CPU.Build.0 = Debug|Any CPU
		{4235039C-BFD7-4843-9858-B290B86BFE20}.Release|Any CPU.ActiveCfg = Release|Any CPU
		{A825E734-24DD-42B8-90F1-6E882158B5C1}.Debug|Any CPU.ActiveCfg = Debug|Any CPU
		{A825E734-24DD-42B8-90F1-6E882158B5C1}.Debug|Any CPU.Build.0 = Debug|Any CPU
		{A825E734-24DD-42B8-90F1-6E882158B5C1}.Release|Any CPU.ActiveCfg = Release|Any CPU
		{9EE94AB7-B7C7-4C7E-A9AA-393ED8E92270}.Debug|Any CPU.ActiveCfg = Debug|Any CPU
		{9EE94AB7-B7C7-4C7E-A9AA-393ED8E92270}.Debug|Any CPU.Build.0 = Debug|Any CPU
		{9EE94AB7-B7C7-4C7E-A9AA-393ED8E92270}.Release|Any CPU.ActiveCfg = Release|Any CPU
		{9EE94AB7-B7C7-4C7E-A9AA-393ED8E92270}.Release|Any CPU.Build.0 = Release|Any CPU
		{1C5B1C33-F113-4095-A361-495488139B5A}.Debug|Any CPU.ActiveCfg = Debug|Any CPU
		{1C5B1C33-F113-4095-A361-495488139B5A}.Debug|Any CPU.Build.0 = Debug|Any CPU
		{1C5B1C33-F113-4095-A361-495488139B5A}.Release|Any CPU.ActiveCfg = Release|Any CPU
		{1C5B1C33-F113-4095-A361-495488139B5A}.Release|Any CPU.Build.0 = Release|Any CPU
		{009AC020-6F40-4BC3-A116-02806CB6AB19}.Debug|Any CPU.ActiveCfg = Debug|Any CPU
		{009AC020-6F40-4BC3-A116-02806CB6AB19}.Debug|Any CPU.Build.0 = Debug|Any CPU
		{009AC020-6F40-4BC3-A116-02806CB6AB19}.Release|Any CPU.ActiveCfg = Release|Any CPU
		{009AC020-6F40-4BC3-A116-02806CB6AB19}.Release|Any CPU.Build.0 = Release|Any CPU
	EndGlobalSection
	GlobalSection(SolutionProperties) = preSolution
		HideSolutionNode = FALSE
	EndGlobalSection
	GlobalSection(ExtensibilityGlobals) = postSolution
		SolutionGuid = {5051B7EB-08BB-47B1-A205-AC08D34B119E}
	EndGlobalSection
EndGlobal
